// !$*UTF8*$!
{
	archiveVersion = 1;
	classes = {
	};
	objectVersion = 46;
	objects = {

/* Begin PBXBuildFile section */
		E341BDBD1E397B2700DA5152 /* JSONDecoder.swift in Sources */ = {isa = PBXBuildFile; fileRef = E341BDAE1E397B2700DA5152 /* JSONDecoder.swift */; };
		E341BDBE1E397B2700DA5152 /* JSONEncoder.swift in Sources */ = {isa = PBXBuildFile; fileRef = E341BDB01E397B2700DA5152 /* JSONEncoder.swift */; };
		E341BDBF1E397B2700DA5152 /* QueryStringEncoder.swift in Sources */ = {isa = PBXBuildFile; fileRef = E341BDB11E397B2700DA5152 /* QueryStringEncoder.swift */; };
		E341BDC01E397B2700DA5152 /* Info.plist in Resources */ = {isa = PBXBuildFile; fileRef = E341BDB21E397B2700DA5152 /* Info.plist */; };
		E341BDC11E397B2700DA5152 /* PropellerNetworkKit.h in Headers */ = {isa = PBXBuildFile; fileRef = E341BDB31E397B2700DA5152 /* PropellerNetworkKit.h */; };
		E341BDC21E397B2700DA5152 /* ParameterEncoding.swift in Sources */ = {isa = PBXBuildFile; fileRef = E341BDB51E397B2700DA5152 /* ParameterEncoding.swift */; };
		E341BDC31E397B2700DA5152 /* ResourceRequestConfiguring.swift in Sources */ = {isa = PBXBuildFile; fileRef = E341BDB61E397B2700DA5152 /* ResourceRequestConfiguring.swift */; };
		E341BDC41E397B2700DA5152 /* Resource.swift in Sources */ = {isa = PBXBuildFile; fileRef = E341BDB71E397B2700DA5152 /* Resource.swift */; };
		E341BDC51E397B2700DA5152 /* ResourceRequestCredential.swift in Sources */ = {isa = PBXBuildFile; fileRef = E341BDB81E397B2700DA5152 /* ResourceRequestCredential.swift */; };
		E341BDC61E397B2700DA5152 /* Info.plist in Resources */ = {isa = PBXBuildFile; fileRef = E341BDBA1E397B2700DA5152 /* Info.plist */; };
		E341BDC71E397B2700DA5152 /* PropellerNetworkKitTests.swift in Sources */ = {isa = PBXBuildFile; fileRef = E341BDBB1E397B2700DA5152 /* PropellerNetworkKitTests.swift */; };
		E341BDC81E397B2700DA5152 /* SampleResource.swift in Sources */ = {isa = PBXBuildFile; fileRef = E341BDBC1E397B2700DA5152 /* SampleResource.swift */; };
		E3ECEF451E2FEA000038EDBA /* PropellerNetworkKit.framework in Frameworks */ = {isa = PBXBuildFile; fileRef = E3ECEF3B1E2FEA000038EDBA /* PropellerNetworkKit.framework */; };
/* End PBXBuildFile section */

/* Begin PBXContainerItemProxy section */
		E3ECEF461E2FEA000038EDBA /* PBXContainerItemProxy */ = {
			isa = PBXContainerItemProxy;
			containerPortal = E3ECEF321E2FEA000038EDBA /* Project object */;
			proxyType = 1;
			remoteGlobalIDString = E3ECEF3A1E2FEA000038EDBA;
			remoteInfo = PropellerNetworkKit;
		};
/* End PBXContainerItemProxy section */

/* Begin PBXFileReference section */
		E341BDAE1E397B2700DA5152 /* JSONDecoder.swift */ = {isa = PBXFileReference; fileEncoding = 4; lastKnownFileType = sourcecode.swift; path = JSONDecoder.swift; sourceTree = "<group>"; };
		E341BDB01E397B2700DA5152 /* JSONEncoder.swift */ = {isa = PBXFileReference; fileEncoding = 4; lastKnownFileType = sourcecode.swift; path = JSONEncoder.swift; sourceTree = "<group>"; };
		E341BDB11E397B2700DA5152 /* QueryStringEncoder.swift */ = {isa = PBXFileReference; fileEncoding = 4; lastKnownFileType = sourcecode.swift; path = QueryStringEncoder.swift; sourceTree = "<group>"; };
		E341BDB21E397B2700DA5152 /* Info.plist */ = {isa = PBXFileReference; fileEncoding = 4; lastKnownFileType = text.plist.xml; path = Info.plist; sourceTree = "<group>"; };
		E341BDB31E397B2700DA5152 /* PropellerNetworkKit.h */ = {isa = PBXFileReference; fileEncoding = 4; lastKnownFileType = sourcecode.c.h; path = PropellerNetworkKit.h; sourceTree = "<group>"; };
		E341BDB51E397B2700DA5152 /* ParameterEncoding.swift */ = {isa = PBXFileReference; fileEncoding = 4; lastKnownFileType = sourcecode.swift; path = ParameterEncoding.swift; sourceTree = "<group>"; };
		E341BDB61E397B2700DA5152 /* ResourceRequestConfiguring.swift */ = {isa = PBXFileReference; fileEncoding = 4; lastKnownFileType = sourcecode.swift; path = ResourceRequestConfiguring.swift; sourceTree = "<group>"; };
		E341BDB71E397B2700DA5152 /* Resource.swift */ = {isa = PBXFileReference; fileEncoding = 4; lastKnownFileType = sourcecode.swift; path = Resource.swift; sourceTree = "<group>"; };
		E341BDB81E397B2700DA5152 /* ResourceRequestCredential.swift */ = {isa = PBXFileReference; fileEncoding = 4; lastKnownFileType = sourcecode.swift; path = ResourceRequestCredential.swift; sourceTree = "<group>"; };
		E341BDBA1E397B2700DA5152 /* Info.plist */ = {isa = PBXFileReference; fileEncoding = 4; lastKnownFileType = text.plist.xml; path = Info.plist; sourceTree = "<group>"; };
		E341BDBB1E397B2700DA5152 /* PropellerNetworkKitTests.swift */ = {isa = PBXFileReference; fileEncoding = 4; lastKnownFileType = sourcecode.swift; path = PropellerNetworkKitTests.swift; sourceTree = "<group>"; };
		E341BDBC1E397B2700DA5152 /* SampleResource.swift */ = {isa = PBXFileReference; fileEncoding = 4; lastKnownFileType = sourcecode.swift; path = SampleResource.swift; sourceTree = "<group>"; };
		E3ECEF3B1E2FEA000038EDBA /* PropellerNetworkKit.framework */ = {isa = PBXFileReference; explicitFileType = wrapper.framework; includeInIndex = 0; path = PropellerNetworkKit.framework; sourceTree = BUILT_PRODUCTS_DIR; };
		E3ECEF441E2FEA000038EDBA /* PropellerNetworkKitTests.xctest */ = {isa = PBXFileReference; explicitFileType = wrapper.cfbundle; includeInIndex = 0; path = PropellerNetworkKitTests.xctest; sourceTree = BUILT_PRODUCTS_DIR; };
/* End PBXFileReference section */

/* Begin PBXFrameworksBuildPhase section */
		E3ECEF371E2FEA000038EDBA /* Frameworks */ = {
			isa = PBXFrameworksBuildPhase;
			buildActionMask = 2147483647;
			files = (
			);
			runOnlyForDeploymentPostprocessing = 0;
		};
		E3ECEF411E2FEA000038EDBA /* Frameworks */ = {
			isa = PBXFrameworksBuildPhase;
			buildActionMask = 2147483647;
			files = (
				E3ECEF451E2FEA000038EDBA /* PropellerNetworkKit.framework in Frameworks */,
			);
			runOnlyForDeploymentPostprocessing = 0;
		};
/* End PBXFrameworksBuildPhase section */

/* Begin PBXGroup section */
		E341BDAC1E397B2700DA5152 /* Sources */ = {
			isa = PBXGroup;
			children = (
				E341BDAD1E397B2700DA5152 /* Decoding */,
				E341BDAF1E397B2700DA5152 /* Encoding */,
				E341BDB41E397B2700DA5152 /* Protocols */,
				E341BDB21E397B2700DA5152 /* Info.plist */,
				E341BDB31E397B2700DA5152 /* PropellerNetworkKit.h */,
				E341BDB71E397B2700DA5152 /* Resource.swift */,
				E341BDB81E397B2700DA5152 /* ResourceRequestCredential.swift */,
			);
			path = Sources;
			sourceTree = "<group>";
		};
		E341BDAD1E397B2700DA5152 /* Decoding */ = {
			isa = PBXGroup;
			children = (
				E341BDAE1E397B2700DA5152 /* JSONDecoder.swift */,
			);
			path = Decoding;
			sourceTree = "<group>";
		};
		E341BDAF1E397B2700DA5152 /* Encoding */ = {
			isa = PBXGroup;
			children = (
				E341BDB01E397B2700DA5152 /* JSONEncoder.swift */,
				E341BDB11E397B2700DA5152 /* QueryStringEncoder.swift */,
			);
			path = Encoding;
			sourceTree = "<group>";
		};
		E341BDB41E397B2700DA5152 /* Protocols */ = {
			isa = PBXGroup;
			children = (
				E341BDB51E397B2700DA5152 /* ParameterEncoding.swift */,
				E341BDB61E397B2700DA5152 /* ResourceRequestConfiguring.swift */,
			);
			path = Protocols;
			sourceTree = "<group>";
		};
		E341BDB91E397B2700DA5152 /* Tests */ = {
			isa = PBXGroup;
			children = (
				E341BDBA1E397B2700DA5152 /* Info.plist */,
				E341BDBB1E397B2700DA5152 /* PropellerNetworkKitTests.swift */,
				E341BDBC1E397B2700DA5152 /* SampleResource.swift */,
			);
			path = Tests;
			sourceTree = "<group>";
		};
		E3ECEF311E2FEA000038EDBA = {
			isa = PBXGroup;
			children = (
				E341BDAC1E397B2700DA5152 /* Sources */,
				E341BDB91E397B2700DA5152 /* Tests */,
				E3ECEF3C1E2FEA000038EDBA /* Products */,
			);
			sourceTree = "<group>";
		};
		E3ECEF3C1E2FEA000038EDBA /* Products */ = {
			isa = PBXGroup;
			children = (
				E3ECEF3B1E2FEA000038EDBA /* PropellerNetworkKit.framework */,
				E3ECEF441E2FEA000038EDBA /* PropellerNetworkKitTests.xctest */,
			);
			name = Products;
			sourceTree = "<group>";
		};
/* End PBXGroup section */

/* Begin PBXHeadersBuildPhase section */
		E3ECEF381E2FEA000038EDBA /* Headers */ = {
			isa = PBXHeadersBuildPhase;
			buildActionMask = 2147483647;
			files = (
				E341BDC11E397B2700DA5152 /* PropellerNetworkKit.h in Headers */,
			);
			runOnlyForDeploymentPostprocessing = 0;
		};
/* End PBXHeadersBuildPhase section */

/* Begin PBXNativeTarget section */
		E3ECEF3A1E2FEA000038EDBA /* PropellerNetworkKit */ = {
			isa = PBXNativeTarget;
			buildConfigurationList = E3ECEF4F1E2FEA000038EDBA /* Build configuration list for PBXNativeTarget "PropellerNetworkKit" */;
			buildPhases = (
				E3ECEF361E2FEA000038EDBA /* Sources */,
				E3ECEF371E2FEA000038EDBA /* Frameworks */,
				E3ECEF381E2FEA000038EDBA /* Headers */,
				E3ECEF391E2FEA000038EDBA /* Resources */,
			);
			buildRules = (
			);
			dependencies = (
			);
			name = PropellerNetworkKit;
			productName = PropellerNetworkKit;
			productReference = E3ECEF3B1E2FEA000038EDBA /* PropellerNetworkKit.framework */;
			productType = "com.apple.product-type.framework";
		};
		E3ECEF431E2FEA000038EDBA /* PropellerNetworkKitTests */ = {
			isa = PBXNativeTarget;
			buildConfigurationList = E3ECEF521E2FEA000038EDBA /* Build configuration list for PBXNativeTarget "PropellerNetworkKitTests" */;
			buildPhases = (
				E3ECEF401E2FEA000038EDBA /* Sources */,
				E3ECEF411E2FEA000038EDBA /* Frameworks */,
				E3ECEF421E2FEA000038EDBA /* Resources */,
			);
			buildRules = (
			);
			dependencies = (
				E3ECEF471E2FEA000038EDBA /* PBXTargetDependency */,
			);
			name = PropellerNetworkKitTests;
			productName = PropellerNetworkKitTests;
			productReference = E3ECEF441E2FEA000038EDBA /* PropellerNetworkKitTests.xctest */;
			productType = "com.apple.product-type.bundle.unit-test";
		};
/* End PBXNativeTarget section */

/* Begin PBXProject section */
		E3ECEF321E2FEA000038EDBA /* Project object */ = {
			isa = PBXProject;
			attributes = {
				LastSwiftUpdateCheck = 0820;
				LastUpgradeCheck = 0820;
				ORGANIZATIONNAME = Propeller;
				TargetAttributes = {
					E3ECEF3A1E2FEA000038EDBA = {
						CreatedOnToolsVersion = 8.2.1;
						LastSwiftMigration = 0820;
						ProvisioningStyle = Automatic;
					};
					E3ECEF431E2FEA000038EDBA = {
						CreatedOnToolsVersion = 8.2.1;
						ProvisioningStyle = Automatic;
					};
				};
			};
			buildConfigurationList = E3ECEF351E2FEA000038EDBA /* Build configuration list for PBXProject "PropellerNetworkKit" */;
			compatibilityVersion = "Xcode 3.2";
			developmentRegion = English;
			hasScannedForEncodings = 0;
			knownRegions = (
				en,
			);
			mainGroup = E3ECEF311E2FEA000038EDBA;
			productRefGroup = E3ECEF3C1E2FEA000038EDBA /* Products */;
			projectDirPath = "";
			projectRoot = "";
			targets = (
				E3ECEF3A1E2FEA000038EDBA /* PropellerNetworkKit */,
				E3ECEF431E2FEA000038EDBA /* PropellerNetworkKitTests */,
			);
		};
/* End PBXProject section */

/* Begin PBXResourcesBuildPhase section */
		E3ECEF391E2FEA000038EDBA /* Resources */ = {
			isa = PBXResourcesBuildPhase;
			buildActionMask = 2147483647;
			files = (
				E341BDC61E397B2700DA5152 /* Info.plist in Resources */,
				E341BDC01E397B2700DA5152 /* Info.plist in Resources */,
			);
			runOnlyForDeploymentPostprocessing = 0;
		};
		E3ECEF421E2FEA000038EDBA /* Resources */ = {
			isa = PBXResourcesBuildPhase;
			buildActionMask = 2147483647;
			files = (
			);
			runOnlyForDeploymentPostprocessing = 0;
		};
/* End PBXResourcesBuildPhase section */

/* Begin PBXSourcesBuildPhase section */
		E3ECEF361E2FEA000038EDBA /* Sources */ = {
			isa = PBXSourcesBuildPhase;
			buildActionMask = 2147483647;
			files = (
				E341BDBF1E397B2700DA5152 /* QueryStringEncoder.swift in Sources */,
				E341BDBE1E397B2700DA5152 /* JSONEncoder.swift in Sources */,
				E341BDC21E397B2700DA5152 /* ParameterEncoding.swift in Sources */,
				E341BDC71E397B2700DA5152 /* PropellerNetworkKitTests.swift in Sources */,
				E341BDC41E397B2700DA5152 /* Resource.swift in Sources */,
				E341BDC51E397B2700DA5152 /* ResourceRequestCredential.swift in Sources */,
				E341BDC31E397B2700DA5152 /* ResourceRequestConfiguring.swift in Sources */,
				E341BDBD1E397B2700DA5152 /* JSONDecoder.swift in Sources */,
				E341BDC81E397B2700DA5152 /* SampleResource.swift in Sources */,
			);
			runOnlyForDeploymentPostprocessing = 0;
		};
		E3ECEF401E2FEA000038EDBA /* Sources */ = {
			isa = PBXSourcesBuildPhase;
			buildActionMask = 2147483647;
			files = (
			);
			runOnlyForDeploymentPostprocessing = 0;
		};
/* End PBXSourcesBuildPhase section */

/* Begin PBXTargetDependency section */
		E3ECEF471E2FEA000038EDBA /* PBXTargetDependency */ = {
			isa = PBXTargetDependency;
			target = E3ECEF3A1E2FEA000038EDBA /* PropellerNetworkKit */;
			targetProxy = E3ECEF461E2FEA000038EDBA /* PBXContainerItemProxy */;
		};
/* End PBXTargetDependency section */

/* Begin XCBuildConfiguration section */
		E3ECEF4D1E2FEA000038EDBA /* Debug */ = {
			isa = XCBuildConfiguration;
			buildSettings = {
				ALWAYS_SEARCH_USER_PATHS = NO;
				CLANG_ANALYZER_NONNULL = YES;
				CLANG_CXX_LANGUAGE_STANDARD = "gnu++0x";
				CLANG_CXX_LIBRARY = "libc++";
				CLANG_ENABLE_MODULES = YES;
				CLANG_ENABLE_OBJC_ARC = YES;
				CLANG_WARN_BOOL_CONVERSION = YES;
				CLANG_WARN_CONSTANT_CONVERSION = YES;
				CLANG_WARN_DIRECT_OBJC_ISA_USAGE = YES_ERROR;
				CLANG_WARN_DOCUMENTATION_COMMENTS = YES;
				CLANG_WARN_EMPTY_BODY = YES;
				CLANG_WARN_ENUM_CONVERSION = YES;
				CLANG_WARN_INFINITE_RECURSION = YES;
				CLANG_WARN_INT_CONVERSION = YES;
				CLANG_WARN_OBJC_ROOT_CLASS = YES_ERROR;
				CLANG_WARN_SUSPICIOUS_MOVE = YES;
				CLANG_WARN_UNREACHABLE_CODE = YES;
				CLANG_WARN__DUPLICATE_METHOD_MATCH = YES;
				"CODE_SIGN_IDENTITY[sdk=iphoneos*]" = "iPhone Developer";
				COPY_PHASE_STRIP = NO;
				CURRENT_PROJECT_VERSION = 1;
				DEBUG_INFORMATION_FORMAT = dwarf;
				ENABLE_STRICT_OBJC_MSGSEND = YES;
				ENABLE_TESTABILITY = YES;
				GCC_C_LANGUAGE_STANDARD = gnu99;
				GCC_DYNAMIC_NO_PIC = NO;
				GCC_NO_COMMON_BLOCKS = YES;
				GCC_OPTIMIZATION_LEVEL = 0;
				GCC_PREPROCESSOR_DEFINITIONS = (
					"DEBUG=1",
					"$(inherited)",
				);
				GCC_WARN_64_TO_32_BIT_CONVERSION = YES;
				GCC_WARN_ABOUT_RETURN_TYPE = YES_ERROR;
				GCC_WARN_UNDECLARED_SELECTOR = YES;
				GCC_WARN_UNINITIALIZED_AUTOS = YES_AGGRESSIVE;
				GCC_WARN_UNUSED_FUNCTION = YES;
				GCC_WARN_UNUSED_VARIABLE = YES;
				IPHONEOS_DEPLOYMENT_TARGET = 10.2;
				MTL_ENABLE_DEBUG_INFO = YES;
				ONLY_ACTIVE_ARCH = YES;
				SDKROOT = iphoneos;
				SWIFT_ACTIVE_COMPILATION_CONDITIONS = DEBUG;
				SWIFT_OPTIMIZATION_LEVEL = "-Onone";
				TARGETED_DEVICE_FAMILY = "1,2";
				VERSIONING_SYSTEM = "apple-generic";
				VERSION_INFO_PREFIX = "";
			};
			name = Debug;
		};
		E3ECEF4E1E2FEA000038EDBA /* Release */ = {
			isa = XCBuildConfiguration;
			buildSettings = {
				ALWAYS_SEARCH_USER_PATHS = NO;
				CLANG_ANALYZER_NONNULL = YES;
				CLANG_CXX_LANGUAGE_STANDARD = "gnu++0x";
				CLANG_CXX_LIBRARY = "libc++";
				CLANG_ENABLE_MODULES = YES;
				CLANG_ENABLE_OBJC_ARC = YES;
				CLANG_WARN_BOOL_CONVERSION = YES;
				CLANG_WARN_CONSTANT_CONVERSION = YES;
				CLANG_WARN_DIRECT_OBJC_ISA_USAGE = YES_ERROR;
				CLANG_WARN_DOCUMENTATION_COMMENTS = YES;
				CLANG_WARN_EMPTY_BODY = YES;
				CLANG_WARN_ENUM_CONVERSION = YES;
				CLANG_WARN_INFINITE_RECURSION = YES;
				CLANG_WARN_INT_CONVERSION = YES;
				CLANG_WARN_OBJC_ROOT_CLASS = YES_ERROR;
				CLANG_WARN_SUSPICIOUS_MOVE = YES;
				CLANG_WARN_UNREACHABLE_CODE = YES;
				CLANG_WARN__DUPLICATE_METHOD_MATCH = YES;
				"CODE_SIGN_IDENTITY[sdk=iphoneos*]" = "iPhone Developer";
				COPY_PHASE_STRIP = NO;
				CURRENT_PROJECT_VERSION = 1;
				DEBUG_INFORMATION_FORMAT = "dwarf-with-dsym";
				ENABLE_NS_ASSERTIONS = NO;
				ENABLE_STRICT_OBJC_MSGSEND = YES;
				GCC_C_LANGUAGE_STANDARD = gnu99;
				GCC_NO_COMMON_BLOCKS = YES;
				GCC_WARN_64_TO_32_BIT_CONVERSION = YES;
				GCC_WARN_ABOUT_RETURN_TYPE = YES_ERROR;
				GCC_WARN_UNDECLARED_SELECTOR = YES;
				GCC_WARN_UNINITIALIZED_AUTOS = YES_AGGRESSIVE;
				GCC_WARN_UNUSED_FUNCTION = YES;
				GCC_WARN_UNUSED_VARIABLE = YES;
				IPHONEOS_DEPLOYMENT_TARGET = 10.2;
				MTL_ENABLE_DEBUG_INFO = NO;
				SDKROOT = iphoneos;
				SWIFT_OPTIMIZATION_LEVEL = "-Owholemodule";
				TARGETED_DEVICE_FAMILY = "1,2";
				VALIDATE_PRODUCT = YES;
				VERSIONING_SYSTEM = "apple-generic";
				VERSION_INFO_PREFIX = "";
			};
			name = Release;
		};
		E3ECEF501E2FEA000038EDBA /* Debug */ = {
			isa = XCBuildConfiguration;
			buildSettings = {
				CLANG_ENABLE_MODULES = YES;
				CODE_SIGN_IDENTITY = "";
				DEFINES_MODULE = YES;
				DYLIB_COMPATIBILITY_VERSION = 1;
				DYLIB_CURRENT_VERSION = 1;
				DYLIB_INSTALL_NAME_BASE = "@rpath";
				INFOPLIST_FILE = PropellerNetworkKit/Info.plist;
				INSTALL_PATH = "$(LOCAL_LIBRARY_DIR)/Frameworks";
				LD_RUNPATH_SEARCH_PATHS = "$(inherited) @executable_path/Frameworks @loader_path/Frameworks";
				PRODUCT_BUNDLE_IDENTIFIER = co.propellerlabs.PropellerNetworkKit;
				PRODUCT_NAME = "$(TARGET_NAME)";
				SKIP_INSTALL = YES;
				SWIFT_OPTIMIZATION_LEVEL = "-Onone";
				SWIFT_VERSION = 3.0;
			};
			name = Debug;
		};
		E3ECEF511E2FEA000038EDBA /* Release */ = {
			isa = XCBuildConfiguration;
			buildSettings = {
				CLANG_ENABLE_MODULES = YES;
				CODE_SIGN_IDENTITY = "";
				DEFINES_MODULE = YES;
				DYLIB_COMPATIBILITY_VERSION = 1;
				DYLIB_CURRENT_VERSION = 1;
				DYLIB_INSTALL_NAME_BASE = "@rpath";
				INFOPLIST_FILE = PropellerNetworkKit/Info.plist;
				INSTALL_PATH = "$(LOCAL_LIBRARY_DIR)/Frameworks";
				LD_RUNPATH_SEARCH_PATHS = "$(inherited) @executable_path/Frameworks @loader_path/Frameworks";
				PRODUCT_BUNDLE_IDENTIFIER = co.propellerlabs.PropellerNetworkKit;
				PRODUCT_NAME = "$(TARGET_NAME)";
				SKIP_INSTALL = YES;
				SWIFT_VERSION = 3.0;
			};
			name = Release;
		};
		E3ECEF531E2FEA000038EDBA /* Debug */ = {
			isa = XCBuildConfiguration;
			buildSettings = {
				ALWAYS_EMBED_SWIFT_STANDARD_LIBRARIES = YES;
				INFOPLIST_FILE = PropellerNetworkKitTests/Info.plist;
				LD_RUNPATH_SEARCH_PATHS = "$(inherited) @executable_path/Frameworks @loader_path/Frameworks";
				PRODUCT_BUNDLE_IDENTIFIER = co.propellerlabs.PropellerNetworkKitTests;
				PRODUCT_NAME = "$(TARGET_NAME)";
				SWIFT_VERSION = 3.0;
			};
			name = Debug;
		};
		E3ECEF541E2FEA000038EDBA /* Release */ = {
			isa = XCBuildConfiguration;
			buildSettings = {
				ALWAYS_EMBED_SWIFT_STANDARD_LIBRARIES = YES;
				INFOPLIST_FILE = PropellerNetworkKitTests/Info.plist;
				LD_RUNPATH_SEARCH_PATHS = "$(inherited) @executable_path/Frameworks @loader_path/Frameworks";
				PRODUCT_BUNDLE_IDENTIFIER = co.propellerlabs.PropellerNetworkKitTests;
				PRODUCT_NAME = "$(TARGET_NAME)";
				SWIFT_VERSION = 3.0;
			};
			name = Release;
		};
/* End XCBuildConfiguration section */

/* Begin XCConfigurationList section */
		E3ECEF351E2FEA000038EDBA /* Build configuration list for PBXProject "PropellerNetworkKit" */ = {
			isa = XCConfigurationList;
			buildConfigurations = (
				E3ECEF4D1E2FEA000038EDBA /* Debug */,
				E3ECEF4E1E2FEA000038EDBA /* Release */,
			);
			defaultConfigurationIsVisible = 0;
			defaultConfigurationName = Release;
		};
		E3ECEF4F1E2FEA000038EDBA /* Build configuration list for PBXNativeTarget "PropellerNetworkKit" */ = {
			isa = XCConfigurationList;
			buildConfigurations = (
				E3ECEF501E2FEA000038EDBA /* Debug */,
				E3ECEF511E2FEA000038EDBA /* Release */,
			);
			defaultConfigurationIsVisible = 0;
			defaultConfigurationName = Release;
		};
		E3ECEF521E2FEA000038EDBA /* Build configuration list for PBXNativeTarget "PropellerNetworkKitTests" */ = {
			isa = XCConfigurationList;
			buildConfigurations = (
				E3ECEF531E2FEA000038EDBA /* Debug */,
				E3ECEF541E2FEA000038EDBA /* Release */,
			);
			defaultConfigurationIsVisible = 0;
			defaultConfigurationName = Release;
		};
/* End XCConfigurationList section */
	};
	rootObject = E3ECEF321E2FEA000038EDBA /* Project object */;
}
